
Microsoft Visual Studio Solution File, Format Version 12.00
# Visual Studio Version 17
VisualStudioVersion = 17.11.35327.3
MinimumVisualStudioVersion = 10.0.40219.1
Project("{FAE04EC0-301F-11D3-BF4B-00C04F79EFBC}") = "app-desafio100dias", "app-desafio100dias\app-desafio100dias.csproj", "{22E28FB0-A98A-4F02-B5E1-D211611ED1A8}"
EndProject
Global
	GlobalSection(SolutionConfigurationPlatforms) = preSolution
		Debug|Any CPU = Debug|Any CPU
		Release|Any CPU = Release|Any CPU
	EndGlobalSection
	GlobalSection(ProjectConfigurationPlatforms) = postSolution
		{22E28FB0-A98A-4F02-B5E1-D211611ED1A8}.Debug|Any CPU.ActiveCfg = Debug|Any CPU
		{22E28FB0-A98A-4F02-B5E1-D211611ED1A8}.Debug|Any CPU.Build.0 = Debug|Any CPU
		{22E28FB0-A98A-4F02-B5E1-D211611ED1A8}.Debug|Any CPU.Deploy.0 = Debug|Any CPU
		{22E28FB0-A98A-4F02-B5E1-D211611ED1A8}.Release|Any CPU.ActiveCfg = Release|Any CPU
		{22E28FB0-A98A-4F02-B5E1-D211611ED1A8}.Release|Any CPU.Build.0 = Release|Any CPU
		{22E28FB0-A98A-4F02-B5E1-D211611ED1A8}.Release|Any CPU.Deploy.0 = Release|Any CPU
	EndGlobalSection
	GlobalSection(SolutionProperties) = preSolution
		HideSolutionNode = FALSE
	EndGlobalSection
	GlobalSection(ExtensibilityGlobals) = postSolution
		SolutionGuid = {1D2521CD-8393-47B3-9C40-698CD7DBAA9A}
	EndGlobalSection
EndGlobal
